
Microsoft Visual Studio Solution File, Format Version 12.00
# Visual Studio Version 16
VisualStudioVersion = 16.0.32106.194
MinimumVisualStudioVersion = 10.0.40219.1
Project("{FAE04EC0-301F-11D3-BF4B-00C04F79EFBC}") = "OilBase", "OilBase\OilBase.csproj", "{7B80CC8D-5176-4967-8590-8B7DC3B3B259}"
EndProject
Global
	GlobalSection(SolutionConfigurationPlatforms) = preSolution
		Debug|Any CPU = Debug|Any CPU
		Release|Any CPU = Release|Any CPU
	EndGlobalSection
	GlobalSection(ProjectConfigurationPlatforms) = postSolution
		{7B80CC8D-5176-4967-8590-8B7DC3B3B259}.Debug|Any CPU.ActiveCfg = Debug|Any CPU
		{7B80CC8D-5176-4967-8590-8B7DC3B3B259}.Debug|Any CPU.Build.0 = Debug|Any CPU
		{7B80CC8D-5176-4967-8590-8B7DC3B3B259}.Release|Any CPU.ActiveCfg = Release|Any CPU
		{7B80CC8D-5176-4967-8590-8B7DC3B3B259}.Release|Any CPU.Build.0 = Release|Any CPU
	EndGlobalSection
	GlobalSection(SolutionProperties) = preSolution
		HideSolutionNode = FALSE
	EndGlobalSection
	GlobalSection(ExtensibilityGlobals) = postSolution
		SolutionGuid = {13050676-5810-4872-B22A-932788676A2F}
	EndGlobalSection
EndGlobal
